
Microsoft Visual Studio Solution File, Format Version 12.00
# Visual Studio Version 16
VisualStudioVersion = 16.0.28803.352
MinimumVisualStudioVersion = 15.0.26124.0
Project("{9A19103F-16F7-4668-BE54-9A1E7A4F7556}") = "hjudge.Core", "hjudge.Core\src\hjudge.Core.csproj", "{E95E0A4D-633B-4D73-815E-BA26D8AD6EEF}"
EndProject
Project("{8BC9CEB8-8B4A-11D0-8D11-00A0C91BC942}") = "hjudge.Exec.Windows", "hjudge.Exec.Windows\hjudge.Exec.Windows.vcxproj", "{49012188-D2B7-4BCF-8672-B8C0A98745A5}"
EndProject
Project("{9A19103F-16F7-4668-BE54-9A1E7A4F7556}") = "hjudge.FileHost", "hjudge.FileHost\src\hjudge.FileHost.csproj", "{1BCF9A38-C720-4BEC-9B5A-758FA4B7A8B3}"
EndProject
Project("{9A19103F-16F7-4668-BE54-9A1E7A4F7556}") = "hjudge.FileHost.Test", "hjudge.FileHost\test\hjudge.FileHost.Test.csproj", "{D8DA3FDD-E2F7-4716-A3F1-DD317A91837B}"
EndProject
Project("{9A19103F-16F7-4668-BE54-9A1E7A4F7556}") = "hjudge.JudgeHost", "hjudge.JudgeHost\src\hjudge.JudgeHost.csproj", "{4347BBD3-78E1-49FE-A3EE-44A3826EEA13}"
EndProject
Project("{9A19103F-16F7-4668-BE54-9A1E7A4F7556}") = "hjudge.RpcInterface", "hjudge.RpcInterface\hjudge.RpcInterface.csproj", "{B3192363-D3D9-4414-873F-B8E6286C8C1D}"
EndProject
Project("{9A19103F-16F7-4668-BE54-9A1E7A4F7556}") = "hjudge.Shared", "hjudge.Shared\hjudge.Shared.csproj", "{7F5FA45C-4DAB-4EAD-90CA-D3CD03489F1F}"
EndProject
Project("{9A19103F-16F7-4668-BE54-9A1E7A4F7556}") = "hjudge.WebHost", "hjudge.WebHost\src\hjudge.WebHost.csproj", "{84A8F3DB-99D3-4297-8A1D-D5E9CCA11A57}"
EndProject
Project("{9A19103F-16F7-4668-BE54-9A1E7A4F7556}") = "hjudge.WebHost.Test", "hjudge.WebHost\test\hjudge.WebHost.Test.csproj", "{CDA8E8F3-2B42-4BAE-8BB1-D5E5E35BF0C0}"
EndProject
Project("{9A19103F-16F7-4668-BE54-9A1E7A4F7556}") = "hjudge.JudgeHost.Test", "hjudge.JudgeHost\test\hjudge.JudgeHost.Test.csproj", "{49FA00D8-14A0-4FCB-B250-773B71F06F93}"
EndProject
Project("{2150E333-8FDC-42A3-9474-1A3956D46DE8}") = "Miscs", "Miscs", "{272848C8-5F02-41D5-80F5-35B729A861A2}"
	ProjectSection(SolutionItems) = preProject
		.dockerignore = .dockerignore
		.editorconfig = .editorconfig
		.gitignore = .gitignore
		build.fsx = build.fsx
		hjudge_ci.yml = hjudge_ci.yml
		nuget.config = nuget.config
		README.md = README.md
		renovate.json = renovate.json
	EndProjectSection
EndProject
Project("{9A19103F-16F7-4668-BE54-9A1E7A4F7556}") = "smartbox.SeaweedFs.Client", "smartbox.SeaweedFs.Client\smartbox.SeaweedFs.Client.csproj", "{DA3EAF1D-8736-4BB8-A4AE-BA41A24FDBA5}"
EndProject
Global
	GlobalSection(SolutionConfigurationPlatforms) = preSolution
		Debug|Any CPU = Debug|Any CPU
		Debug|ARM = Debug|ARM
		Debug|ARM64 = Debug|ARM64
		Debug|x64 = Debug|x64
		Debug|x86 = Debug|x86
		Release|Any CPU = Release|Any CPU
		Release|ARM = Release|ARM
		Release|ARM64 = Release|ARM64
		Release|x64 = Release|x64
		Release|x86 = Release|x86
	EndGlobalSection
	GlobalSection(ProjectConfigurationPlatforms) = postSolution
		{E95E0A4D-633B-4D73-815E-BA26D8AD6EEF}.Debug|Any CPU.ActiveCfg = Debug|Any CPU
		{E95E0A4D-633B-4D73-815E-BA26D8AD6EEF}.Debug|Any CPU.Build.0 = Debug|Any CPU
		{E95E0A4D-633B-4D73-815E-BA26D8AD6EEF}.Debug|ARM.ActiveCfg = Debug|Any CPU
		{E95E0A4D-633B-4D73-815E-BA26D8AD6EEF}.Debug|ARM.Build.0 = Debug|Any CPU
		{E95E0A4D-633B-4D73-815E-BA26D8AD6EEF}.Debug|ARM64.ActiveCfg = Debug|Any CPU
		{E95E0A4D-633B-4D73-815E-BA26D8AD6EEF}.Debug|ARM64.Build.0 = Debug|Any CPU
		{E95E0A4D-633B-4D73-815E-BA26D8AD6EEF}.Debug|x64.ActiveCfg = Debug|Any CPU
		{E95E0A4D-633B-4D73-815E-BA26D8AD6EEF}.Debug|x64.Build.0 = Debug|Any CPU
		{E95E0A4D-633B-4D73-815E-BA26D8AD6EEF}.Debug|x86.ActiveCfg = Debug|Any CPU
		{E95E0A4D-633B-4D73-815E-BA26D8AD6EEF}.Debug|x86.Build.0 = Debug|Any CPU
		{E95E0A4D-633B-4D73-815E-BA26D8AD6EEF}.Release|Any CPU.ActiveCfg = Release|Any CPU
		{E95E0A4D-633B-4D73-815E-BA26D8AD6EEF}.Release|Any CPU.Build.0 = Release|Any CPU
		{E95E0A4D-633B-4D73-815E-BA26D8AD6EEF}.Release|ARM.ActiveCfg = Release|Any CPU
		{E95E0A4D-633B-4D73-815E-BA26D8AD6EEF}.Release|ARM.Build.0 = Release|Any CPU
		{E95E0A4D-633B-4D73-815E-BA26D8AD6EEF}.Release|ARM64.ActiveCfg = Release|Any CPU
		{E95E0A4D-633B-4D73-815E-BA26D8AD6EEF}.Release|ARM64.Build.0 = Release|Any CPU
		{E95E0A4D-633B-4D73-815E-BA26D8AD6EEF}.Release|x64.ActiveCfg = Release|Any CPU
		{E95E0A4D-633B-4D73-815E-BA26D8AD6EEF}.Release|x64.Build.0 = Release|Any CPU
		{E95E0A4D-633B-4D73-815E-BA26D8AD6EEF}.Release|x86.ActiveCfg = Release|Any CPU
		{E95E0A4D-633B-4D73-815E-BA26D8AD6EEF}.Release|x86.Build.0 = Release|Any CPU
		{49012188-D2B7-4BCF-8672-B8C0A98745A5}.Debug|Any CPU.ActiveCfg = Debug|Win32
		{49012188-D2B7-4BCF-8672-B8C0A98745A5}.Debug|ARM.ActiveCfg = Debug|Win32
		{49012188-D2B7-4BCF-8672-B8C0A98745A5}.Debug|ARM64.ActiveCfg = Debug|Win32
		{49012188-D2B7-4BCF-8672-B8C0A98745A5}.Debug|x64.ActiveCfg = Debug|x64
		{49012188-D2B7-4BCF-8672-B8C0A98745A5}.Debug|x64.Build.0 = Debug|x64
		{49012188-D2B7-4BCF-8672-B8C0A98745A5}.Debug|x86.ActiveCfg = Debug|Win32
		{49012188-D2B7-4BCF-8672-B8C0A98745A5}.Debug|x86.Build.0 = Debug|Win32
		{49012188-D2B7-4BCF-8672-B8C0A98745A5}.Release|Any CPU.ActiveCfg = Release|Win32
		{49012188-D2B7-4BCF-8672-B8C0A98745A5}.Release|ARM.ActiveCfg = Release|Win32
		{49012188-D2B7-4BCF-8672-B8C0A98745A5}.Release|ARM64.ActiveCfg = Release|Win32
		{49012188-D2B7-4BCF-8672-B8C0A98745A5}.Release|x64.ActiveCfg = Release|x64
		{49012188-D2B7-4BCF-8672-B8C0A98745A5}.Release|x64.Build.0 = Release|x64
		{49012188-D2B7-4BCF-8672-B8C0A98745A5}.Release|x86.ActiveCfg = Release|Win32
		{49012188-D2B7-4BCF-8672-B8C0A98745A5}.Release|x86.Build.0 = Release|Win32
		{1BCF9A38-C720-4BEC-9B5A-758FA4B7A8B3}.Debug|Any CPU.ActiveCfg = Debug|Any CPU
		{1BCF9A38-C720-4BEC-9B5A-758FA4B7A8B3}.Debug|Any CPU.Build.0 = Debug|Any CPU
		{1BCF9A38-C720-4BEC-9B5A-758FA4B7A8B3}.Debug|ARM.ActiveCfg = Debug|Any CPU
		{1BCF9A38-C720-4BEC-9B5A-758FA4B7A8B3}.Debug|ARM.Build.0 = Debug|Any CPU
		{1BCF9A38-C720-4BEC-9B5A-758FA4B7A8B3}.Debug|ARM64.ActiveCfg = Debug|Any CPU
		{1BCF9A38-C720-4BEC-9B5A-758FA4B7A8B3}.Debug|ARM64.Build.0 = Debug|Any CPU
		{1BCF9A38-C720-4BEC-9B5A-758FA4B7A8B3}.Debug|x64.ActiveCfg = Debug|Any CPU
		{1BCF9A38-C720-4BEC-9B5A-758FA4B7A8B3}.Debug|x64.Build.0 = Debug|Any CPU
		{1BCF9A38-C720-4BEC-9B5A-758FA4B7A8B3}.Debug|x86.ActiveCfg = Debug|Any CPU
		{1BCF9A38-C720-4BEC-9B5A-758FA4B7A8B3}.Debug|x86.Build.0 = Debug|Any CPU
		{1BCF9A38-C720-4BEC-9B5A-758FA4B7A8B3}.Release|Any CPU.ActiveCfg = Release|Any CPU
		{1BCF9A38-C720-4BEC-9B5A-758FA4B7A8B3}.Release|Any CPU.Build.0 = Release|Any CPU
		{1BCF9A38-C720-4BEC-9B5A-758FA4B7A8B3}.Release|ARM.ActiveCfg = Release|Any CPU
		{1BCF9A38-C720-4BEC-9B5A-758FA4B7A8B3}.Release|ARM.Build.0 = Release|Any CPU
		{1BCF9A38-C720-4BEC-9B5A-758FA4B7A8B3}.Release|ARM64.ActiveCfg = Release|Any CPU
		{1BCF9A38-C720-4BEC-9B5A-758FA4B7A8B3}.Release|ARM64.Build.0 = Release|Any CPU
		{1BCF9A38-C720-4BEC-9B5A-758FA4B7A8B3}.Release|x64.ActiveCfg = Release|Any CPU
		{1BCF9A38-C720-4BEC-9B5A-758FA4B7A8B3}.Release|x64.Build.0 = Release|Any CPU
		{1BCF9A38-C720-4BEC-9B5A-758FA4B7A8B3}.Release|x86.ActiveCfg = Release|Any CPU
		{1BCF9A38-C720-4BEC-9B5A-758FA4B7A8B3}.Release|x86.Build.0 = Release|Any CPU
		{D8DA3FDD-E2F7-4716-A3F1-DD317A91837B}.Debug|Any CPU.ActiveCfg = Debug|Any CPU
		{D8DA3FDD-E2F7-4716-A3F1-DD317A91837B}.Debug|Any CPU.Build.0 = Debug|Any CPU
		{D8DA3FDD-E2F7-4716-A3F1-DD317A91837B}.Debug|ARM.ActiveCfg = Debug|Any CPU
		{D8DA3FDD-E2F7-4716-A3F1-DD317A91837B}.Debug|ARM.Build.0 = Debug|Any CPU
		{D8DA3FDD-E2F7-4716-A3F1-DD317A91837B}.Debug|ARM64.ActiveCfg = Debug|Any CPU
		{D8DA3FDD-E2F7-4716-A3F1-DD317A91837B}.Debug|ARM64.Build.0 = Debug|Any CPU
		{D8DA3FDD-E2F7-4716-A3F1-DD317A91837B}.Debug|x64.ActiveCfg = Debug|Any CPU
		{D8DA3FDD-E2F7-4716-A3F1-DD317A91837B}.Debug|x64.Build.0 = Debug|Any CPU
		{D8DA3FDD-E2F7-4716-A3F1-DD317A91837B}.Debug|x86.ActiveCfg = Debug|Any CPU
		{D8DA3FDD-E2F7-4716-A3F1-DD317A91837B}.Debug|x86.Build.0 = Debug|Any CPU
		{D8DA3FDD-E2F7-4716-A3F1-DD317A91837B}.Release|Any CPU.ActiveCfg = Release|Any CPU
		{D8DA3FDD-E2F7-4716-A3F1-DD317A91837B}.Release|Any CPU.Build.0 = Release|Any CPU
		{D8DA3FDD-E2F7-4716-A3F1-DD317A91837B}.Release|ARM.ActiveCfg = Release|Any CPU
		{D8DA3FDD-E2F7-4716-A3F1-DD317A91837B}.Release|ARM.Build.0 = Release|Any CPU
		{D8DA3FDD-E2F7-4716-A3F1-DD317A91837B}.Release|ARM64.ActiveCfg = Release|Any CPU
		{D8DA3FDD-E2F7-4716-A3F1-DD317A91837B}.Release|ARM64.Build.0 = Release|Any CPU
		{D8DA3FDD-E2F7-4716-A3F1-DD317A91837B}.Release|x64.ActiveCfg = Release|Any CPU
		{D8DA3FDD-E2F7-4716-A3F1-DD317A91837B}.Release|x64.Build.0 = Release|Any CPU
		{D8DA3FDD-E2F7-4716-A3F1-DD317A91837B}.Release|x86.ActiveCfg = Release|Any CPU
		{D8DA3FDD-E2F7-4716-A3F1-DD317A91837B}.Release|x86.Build.0 = Release|Any CPU
		{4347BBD3-78E1-49FE-A3EE-44A3826EEA13}.Debug|Any CPU.ActiveCfg = Debug|Any CPU
		{4347BBD3-78E1-49FE-A3EE-44A3826EEA13}.Debug|Any CPU.Build.0 = Debug|Any CPU
		{4347BBD3-78E1-49FE-A3EE-44A3826EEA13}.Debug|ARM.ActiveCfg = Debug|Any CPU
		{4347BBD3-78E1-49FE-A3EE-44A3826EEA13}.Debug|ARM.Build.0 = Debug|Any CPU
		{4347BBD3-78E1-49FE-A3EE-44A3826EEA13}.Debug|ARM64.ActiveCfg = Debug|Any CPU
		{4347BBD3-78E1-49FE-A3EE-44A3826EEA13}.Debug|ARM64.Build.0 = Debug|Any CPU
		{4347BBD3-78E1-49FE-A3EE-44A3826EEA13}.Debug|x64.ActiveCfg = Debug|Any CPU
		{4347BBD3-78E1-49FE-A3EE-44A3826EEA13}.Debug|x64.Build.0 = Debug|Any CPU
		{4347BBD3-78E1-49FE-A3EE-44A3826EEA13}.Debug|x86.ActiveCfg = Debug|Any CPU
		{4347BBD3-78E1-49FE-A3EE-44A3826EEA13}.Debug|x86.Build.0 = Debug|Any CPU
		{4347BBD3-78E1-49FE-A3EE-44A3826EEA13}.Release|Any CPU.ActiveCfg = Release|Any CPU
		{4347BBD3-78E1-49FE-A3EE-44A3826EEA13}.Release|Any CPU.Build.0 = Release|Any CPU
		{4347BBD3-78E1-49FE-A3EE-44A3826EEA13}.Release|ARM.ActiveCfg = Release|Any CPU
		{4347BBD3-78E1-49FE-A3EE-44A3826EEA13}.Release|ARM.Build.0 = Release|Any CPU
		{4347BBD3-78E1-49FE-A3EE-44A3826EEA13}.Release|ARM64.ActiveCfg = Release|Any CPU
		{4347BBD3-78E1-49FE-A3EE-44A3826EEA13}.Release|ARM64.Build.0 = Release|Any CPU
		{4347BBD3-78E1-49FE-A3EE-44A3826EEA13}.Release|x64.ActiveCfg = Release|Any CPU
		{4347BBD3-78E1-49FE-A3EE-44A3826EEA13}.Release|x64.Build.0 = Release|Any CPU
		{4347BBD3-78E1-49FE-A3EE-44A3826EEA13}.Release|x86.ActiveCfg = Release|Any CPU
		{4347BBD3-78E1-49FE-A3EE-44A3826EEA13}.Release|x86.Build.0 = Release|Any CPU
		{B3192363-D3D9-4414-873F-B8E6286C8C1D}.Debug|Any CPU.ActiveCfg = Debug|Any CPU
		{B3192363-D3D9-4414-873F-B8E6286C8C1D}.Debug|Any CPU.Build.0 = Debug|Any CPU
		{B3192363-D3D9-4414-873F-B8E6286C8C1D}.Debug|ARM.ActiveCfg = Debug|Any CPU
		{B3192363-D3D9-4414-873F-B8E6286C8C1D}.Debug|ARM.Build.0 = Debug|Any CPU
		{B3192363-D3D9-4414-873F-B8E6286C8C1D}.Debug|ARM64.ActiveCfg = Debug|Any CPU
		{B3192363-D3D9-4414-873F-B8E6286C8C1D}.Debug|ARM64.Build.0 = Debug|Any CPU
		{B3192363-D3D9-4414-873F-B8E6286C8C1D}.Debug|x64.ActiveCfg = Debug|Any CPU
		{B3192363-D3D9-4414-873F-B8E6286C8C1D}.Debug|x64.Build.0 = Debug|Any CPU
		{B3192363-D3D9-4414-873F-B8E6286C8C1D}.Debug|x86.ActiveCfg = Debug|Any CPU
		{B3192363-D3D9-4414-873F-B8E6286C8C1D}.Debug|x86.Build.0 = Debug|Any CPU
		{B3192363-D3D9-4414-873F-B8E6286C8C1D}.Release|Any CPU.ActiveCfg = Release|Any CPU
		{B3192363-D3D9-4414-873F-B8E6286C8C1D}.Release|Any CPU.Build.0 = Release|Any CPU
		{B3192363-D3D9-4414-873F-B8E6286C8C1D}.Release|ARM.ActiveCfg = Release|Any CPU
		{B3192363-D3D9-4414-873F-B8E6286C8C1D}.Release|ARM.Build.0 = Release|Any CPU
		{B3192363-D3D9-4414-873F-B8E6286C8C1D}.Release|ARM64.ActiveCfg = Release|Any CPU
		{B3192363-D3D9-4414-873F-B8E6286C8C1D}.Release|ARM64.Build.0 = Release|Any CPU
		{B3192363-D3D9-4414-873F-B8E6286C8C1D}.Release|x64.ActiveCfg = Release|Any CPU
		{B3192363-D3D9-4414-873F-B8E6286C8C1D}.Release|x64.Build.0 = Release|Any CPU
		{B3192363-D3D9-4414-873F-B8E6286C8C1D}.Release|x86.ActiveCfg = Release|Any CPU
		{B3192363-D3D9-4414-873F-B8E6286C8C1D}.Release|x86.Build.0 = Release|Any CPU
		{7F5FA45C-4DAB-4EAD-90CA-D3CD03489F1F}.Debug|Any CPU.ActiveCfg = Debug|Any CPU
		{7F5FA45C-4DAB-4EAD-90CA-D3CD03489F1F}.Debug|Any CPU.Build.0 = Debug|Any CPU
		{7F5FA45C-4DAB-4EAD-90CA-D3CD03489F1F}.Debug|ARM.ActiveCfg = Debug|Any CPU
		{7F5FA45C-4DAB-4EAD-90CA-D3CD03489F1F}.Debug|ARM.Build.0 = Debug|Any CPU
		{7F5FA45C-4DAB-4EAD-90CA-D3CD03489F1F}.Debug|ARM64.ActiveCfg = Debug|Any CPU
		{7F5FA45C-4DAB-4EAD-90CA-D3CD03489F1F}.Debug|ARM64.Build.0 = Debug|Any CPU
		{7F5FA45C-4DAB-4EAD-90CA-D3CD03489F1F}.Debug|x64.ActiveCfg = Debug|Any CPU
		{7F5FA45C-4DAB-4EAD-90CA-D3CD03489F1F}.Debug|x64.Build.0 = Debug|Any CPU
		{7F5FA45C-4DAB-4EAD-90CA-D3CD03489F1F}.Debug|x86.ActiveCfg = Debug|Any CPU
		{7F5FA45C-4DAB-4EAD-90CA-D3CD03489F1F}.Debug|x86.Build.0 = Debug|Any CPU
		{7F5FA45C-4DAB-4EAD-90CA-D3CD03489F1F}.Release|Any CPU.ActiveCfg = Release|Any CPU
		{7F5FA45C-4DAB-4EAD-90CA-D3CD03489F1F}.Release|Any CPU.Build.0 = Release|Any CPU
		{7F5FA45C-4DAB-4EAD-90CA-D3CD03489F1F}.Release|ARM.ActiveCfg = Release|Any CPU
		{7F5FA45C-4DAB-4EAD-90CA-D3CD03489F1F}.Release|ARM.Build.0 = Release|Any CPU
		{7F5FA45C-4DAB-4EAD-90CA-D3CD03489F1F}.Release|ARM64.ActiveCfg = Release|Any CPU
		{7F5FA45C-4DAB-4EAD-90CA-D3CD03489F1F}.Release|ARM64.Build.0 = Release|Any CPU
		{7F5FA45C-4DAB-4EAD-90CA-D3CD03489F1F}.Release|x64.ActiveCfg = Release|Any CPU
		{7F5FA45C-4DAB-4EAD-90CA-D3CD03489F1F}.Release|x64.Build.0 = Release|Any CPU
		{7F5FA45C-4DAB-4EAD-90CA-D3CD03489F1F}.Release|x86.ActiveCfg = Release|Any CPU
		{7F5FA45C-4DAB-4EAD-90CA-D3CD03489F1F}.Release|x86.Build.0 = Release|Any CPU
		{84A8F3DB-99D3-4297-8A1D-D5E9CCA11A57}.Debug|Any CPU.ActiveCfg = Debug|Any CPU
		{84A8F3DB-99D3-4297-8A1D-D5E9CCA11A57}.Debug|Any CPU.Build.0 = Debug|Any CPU
		{84A8F3DB-99D3-4297-8A1D-D5E9CCA11A57}.Debug|ARM.ActiveCfg = Debug|Any CPU
		{84A8F3DB-99D3-4297-8A1D-D5E9CCA11A57}.Debug|ARM.Build.0 = Debug|Any CPU
		{84A8F3DB-99D3-4297-8A1D-D5E9CCA11A57}.Debug|ARM64.ActiveCfg = Debug|Any CPU
		{84A8F3DB-99D3-4297-8A1D-D5E9CCA11A57}.Debug|ARM64.Build.0 = Debug|Any CPU
		{84A8F3DB-99D3-4297-8A1D-D5E9CCA11A57}.Debug|x64.ActiveCfg = Debug|Any CPU
		{84A8F3DB-99D3-4297-8A1D-D5E9CCA11A57}.Debug|x64.Build.0 = Debug|Any CPU
		{84A8F3DB-99D3-4297-8A1D-D5E9CCA11A57}.Debug|x86.ActiveCfg = Debug|Any CPU
		{84A8F3DB-99D3-4297-8A1D-D5E9CCA11A57}.Debug|x86.Build.0 = Debug|Any CPU
		{84A8F3DB-99D3-4297-8A1D-D5E9CCA11A57}.Release|Any CPU.ActiveCfg = Release|Any CPU
		{84A8F3DB-99D3-4297-8A1D-D5E9CCA11A57}.Release|Any CPU.Build.0 = Release|Any CPU
		{84A8F3DB-99D3-4297-8A1D-D5E9CCA11A57}.Release|ARM.ActiveCfg = Release|Any CPU
		{84A8F3DB-99D3-4297-8A1D-D5E9CCA11A57}.Release|ARM.Build.0 = Release|Any CPU
		{84A8F3DB-99D3-4297-8A1D-D5E9CCA11A57}.Release|ARM64.ActiveCfg = Release|Any CPU
		{84A8F3DB-99D3-4297-8A1D-D5E9CCA11A57}.Release|ARM64.Build.0 = Release|Any CPU
		{84A8F3DB-99D3-4297-8A1D-D5E9CCA11A57}.Release|x64.ActiveCfg = Release|Any CPU
		{84A8F3DB-99D3-4297-8A1D-D5E9CCA11A57}.Release|x64.Build.0 = Release|Any CPU
		{84A8F3DB-99D3-4297-8A1D-D5E9CCA11A57}.Release|x86.ActiveCfg = Release|Any CPU
		{84A8F3DB-99D3-4297-8A1D-D5E9CCA11A57}.Release|x86.Build.0 = Release|Any CPU
		{CDA8E8F3-2B42-4BAE-8BB1-D5E5E35BF0C0}.Debug|Any CPU.ActiveCfg = Debug|Any CPU
		{CDA8E8F3-2B42-4BAE-8BB1-D5E5E35BF0C0}.Debug|Any CPU.Build.0 = Debug|Any CPU
		{CDA8E8F3-2B42-4BAE-8BB1-D5E5E35BF0C0}.Debug|ARM.ActiveCfg = Debug|Any CPU
		{CDA8E8F3-2B42-4BAE-8BB1-D5E5E35BF0C0}.Debug|ARM.Build.0 = Debug|Any CPU
		{CDA8E8F3-2B42-4BAE-8BB1-D5E5E35BF0C0}.Debug|ARM64.ActiveCfg = Debug|Any CPU
		{CDA8E8F3-2B42-4BAE-8BB1-D5E5E35BF0C0}.Debug|ARM64.Build.0 = Debug|Any CPU
		{CDA8E8F3-2B42-4BAE-8BB1-D5E5E35BF0C0}.Debug|x64.ActiveCfg = Debug|Any CPU
		{CDA8E8F3-2B42-4BAE-8BB1-D5E5E35BF0C0}.Debug|x64.Build.0 = Debug|Any CPU
		{CDA8E8F3-2B42-4BAE-8BB1-D5E5E35BF0C0}.Debug|x86.ActiveCfg = Debug|Any CPU
		{CDA8E8F3-2B42-4BAE-8BB1-D5E5E35BF0C0}.Debug|x86.Build.0 = Debug|Any CPU
		{CDA8E8F3-2B42-4BAE-8BB1-D5E5E35BF0C0}.Release|Any CPU.ActiveCfg = Release|Any CPU
		{CDA8E8F3-2B42-4BAE-8BB1-D5E5E35BF0C0}.Release|Any CPU.Build.0 = Release|Any CPU
		{CDA8E8F3-2B42-4BAE-8BB1-D5E5E35BF0C0}.Release|ARM.ActiveCfg = Release|Any CPU
		{CDA8E8F3-2B42-4BAE-8BB1-D5E5E35BF0C0}.Release|ARM.Build.0 = Release|Any CPU
		{CDA8E8F3-2B42-4BAE-8BB1-D5E5E35BF0C0}.Release|ARM64.ActiveCfg = Release|Any CPU
		{CDA8E8F3-2B42-4BAE-8BB1-D5E5E35BF0C0}.Release|ARM64.Build.0 = Release|Any CPU
		{CDA8E8F3-2B42-4BAE-8BB1-D5E5E35BF0C0}.Release|x64.ActiveCfg = Release|Any CPU
		{CDA8E8F3-2B42-4BAE-8BB1-D5E5E35BF0C0}.Release|x64.Build.0 = Release|Any CPU
		{CDA8E8F3-2B42-4BAE-8BB1-D5E5E35BF0C0}.Release|x86.ActiveCfg = Release|Any CPU
		{CDA8E8F3-2B42-4BAE-8BB1-D5E5E35BF0C0}.Release|x86.Build.0 = Release|Any CPU
		{49FA00D8-14A0-4FCB-B250-773B71F06F93}.Debug|Any CPU.ActiveCfg = Debug|Any CPU
		{49FA00D8-14A0-4FCB-B250-773B71F06F93}.Debug|Any CPU.Build.0 = Debug|Any CPU
		{49FA00D8-14A0-4FCB-B250-773B71F06F93}.Debug|ARM.ActiveCfg = Debug|Any CPU
		{49FA00D8-14A0-4FCB-B250-773B71F06F93}.Debug|ARM.Build.0 = Debug|Any CPU
		{49FA00D8-14A0-4FCB-B250-773B71F06F93}.Debug|ARM64.ActiveCfg = Debug|Any CPU
		{49FA00D8-14A0-4FCB-B250-773B71F06F93}.Debug|ARM64.Build.0 = Debug|Any CPU
		{49FA00D8-14A0-4FCB-B250-773B71F06F93}.Debug|x64.ActiveCfg = Debug|Any CPU
		{49FA00D8-14A0-4FCB-B250-773B71F06F93}.Debug|x64.Build.0 = Debug|Any CPU
		{49FA00D8-14A0-4FCB-B250-773B71F06F93}.Debug|x86.ActiveCfg = Debug|Any CPU
		{49FA00D8-14A0-4FCB-B250-773B71F06F93}.Debug|x86.Build.0 = Debug|Any CPU
		{49FA00D8-14A0-4FCB-B250-773B71F06F93}.Release|Any CPU.ActiveCfg = Release|Any CPU
		{49FA00D8-14A0-4FCB-B250-773B71F06F93}.Release|Any CPU.Build.0 = Release|Any CPU
		{49FA00D8-14A0-4FCB-B250-773B71F06F93}.Release|ARM.ActiveCfg = Release|Any CPU
		{49FA00D8-14A0-4FCB-B250-773B71F06F93}.Release|ARM.Build.0 = Release|Any CPU
		{49FA00D8-14A0-4FCB-B250-773B71F06F93}.Release|ARM64.ActiveCfg = Release|Any CPU
		{49FA00D8-14A0-4FCB-B250-773B71F06F93}.Release|ARM64.Build.0 = Release|Any CPU
		{49FA00D8-14A0-4FCB-B250-773B71F06F93}.Release|x64.ActiveCfg = Release|Any CPU
		{49FA00D8-14A0-4FCB-B250-773B71F06F93}.Release|x64.Build.0 = Release|Any CPU
		{49FA00D8-14A0-4FCB-B250-773B71F06F93}.Release|x86.ActiveCfg = Release|Any CPU
		{49FA00D8-14A0-4FCB-B250-773B71F06F93}.Release|x86.Build.0 = Release|Any CPU
		{DA3EAF1D-8736-4BB8-A4AE-BA41A24FDBA5}.Debug|Any CPU.ActiveCfg = Debug|Any CPU
		{DA3EAF1D-8736-4BB8-A4AE-BA41A24FDBA5}.Debug|Any CPU.Build.0 = Debug|Any CPU
		{DA3EAF1D-8736-4BB8-A4AE-BA41A24FDBA5}.Debug|ARM.ActiveCfg = Debug|Any CPU
		{DA3EAF1D-8736-4BB8-A4AE-BA41A24FDBA5}.Debug|ARM.Build.0 = Debug|Any CPU
		{DA3EAF1D-8736-4BB8-A4AE-BA41A24FDBA5}.Debug|ARM64.ActiveCfg = Debug|Any CPU
		{DA3EAF1D-8736-4BB8-A4AE-BA41A24FDBA5}.Debug|ARM64.Build.0 = Debug|Any CPU
		{DA3EAF1D-8736-4BB8-A4AE-BA41A24FDBA5}.Debug|x64.ActiveCfg = Debug|Any CPU
		{DA3EAF1D-8736-4BB8-A4AE-BA41A24FDBA5}.Debug|x64.Build.0 = Debug|Any CPU
		{DA3EAF1D-8736-4BB8-A4AE-BA41A24FDBA5}.Debug|x86.ActiveCfg = Debug|Any CPU
		{DA3EAF1D-8736-4BB8-A4AE-BA41A24FDBA5}.Debug|x86.Build.0 = Debug|Any CPU
		{DA3EAF1D-8736-4BB8-A4AE-BA41A24FDBA5}.Release|Any CPU.ActiveCfg = Release|Any CPU
		{DA3EAF1D-8736-4BB8-A4AE-BA41A24FDBA5}.Release|Any CPU.Build.0 = Release|Any CPU
		{DA3EAF1D-8736-4BB8-A4AE-BA41A24FDBA5}.Release|ARM.ActiveCfg = Release|Any CPU
		{DA3EAF1D-8736-4BB8-A4AE-BA41A24FDBA5}.Release|ARM.Build.0 = Release|Any CPU
		{DA3EAF1D-8736-4BB8-A4AE-BA41A24FDBA5}.Release|ARM64.ActiveCfg = Release|Any CPU
		{DA3EAF1D-8736-4BB8-A4AE-BA41A24FDBA5}.Release|ARM64.Build.0 = Release|Any CPU
		{DA3EAF1D-8736-4BB8-A4AE-BA41A24FDBA5}.Release|x64.ActiveCfg = Release|Any CPU
		{DA3EAF1D-8736-4BB8-A4AE-BA41A24FDBA5}.Release|x64.Build.0 = Release|Any CPU
		{DA3EAF1D-8736-4BB8-A4AE-BA41A24FDBA5}.Release|x86.ActiveCfg = Release|Any CPU
		{DA3EAF1D-8736-4BB8-A4AE-BA41A24FDBA5}.Release|x86.Build.0 = Release|Any CPU
	EndGlobalSection
	GlobalSection(SolutionProperties) = preSolution
		HideSolutionNode = FALSE
	EndGlobalSection
	GlobalSection(ExtensibilityGlobals) = postSolution
		SolutionGuid = {C1A1DDD1-09A8-45EE-8449-89EE8B4678C1}
	EndGlobalSection
EndGlobal
