
Microsoft Visual Studio Solution File, Format Version 12.00
# Visual Studio 15
VisualStudioVersion = 15.0.26124.0
MinimumVisualStudioVersion = 15.0.26124.0
Project("{FAE04EC0-301F-11D3-BF4B-00C04F79EFBC}") = "hjudgeCore", "hjudgeCore\hjudgeCore.csproj", "{F34C0BBC-45D7-4B17-AFBD-9C375222FABB}"
EndProject
Project("{FAE04EC0-301F-11D3-BF4B-00C04F79EFBC}") = "hjudgeWeb", "hjudgeWeb\hjudgeWeb.csproj", "{CDFBD13F-5999-40D2-AD6E-E6D258BA1FC3}"
EndProject
Global
	GlobalSection(SolutionConfigurationPlatforms) = preSolution
		Debug|Any CPU = Debug|Any CPU
		Debug|x64 = Debug|x64
		Debug|x86 = Debug|x86
		Release|Any CPU = Release|Any CPU
		Release|x64 = Release|x64
		Release|x86 = Release|x86
	EndGlobalSection
	GlobalSection(SolutionProperties) = preSolution
		HideSolutionNode = FALSE
	EndGlobalSection
	GlobalSection(ProjectConfigurationPlatforms) = postSolution
		{F34C0BBC-45D7-4B17-AFBD-9C375222FABB}.Debug|Any CPU.ActiveCfg = Debug|Any CPU
		{F34C0BBC-45D7-4B17-AFBD-9C375222FABB}.Debug|Any CPU.Build.0 = Debug|Any CPU
		{F34C0BBC-45D7-4B17-AFBD-9C375222FABB}.Debug|x64.ActiveCfg = Debug|Any CPU
		{F34C0BBC-45D7-4B17-AFBD-9C375222FABB}.Debug|x64.Build.0 = Debug|Any CPU
		{F34C0BBC-45D7-4B17-AFBD-9C375222FABB}.Debug|x86.ActiveCfg = Debug|Any CPU
		{F34C0BBC-45D7-4B17-AFBD-9C375222FABB}.Debug|x86.Build.0 = Debug|Any CPU
		{F34C0BBC-45D7-4B17-AFBD-9C375222FABB}.Release|Any CPU.ActiveCfg = Release|Any CPU
		{F34C0BBC-45D7-4B17-AFBD-9C375222FABB}.Release|Any CPU.Build.0 = Release|Any CPU
		{F34C0BBC-45D7-4B17-AFBD-9C375222FABB}.Release|x64.ActiveCfg = Release|Any CPU
		{F34C0BBC-45D7-4B17-AFBD-9C375222FABB}.Release|x64.Build.0 = Release|Any CPU
		{F34C0BBC-45D7-4B17-AFBD-9C375222FABB}.Release|x86.ActiveCfg = Release|Any CPU
		{F34C0BBC-45D7-4B17-AFBD-9C375222FABB}.Release|x86.Build.0 = Release|Any CPU
		{CDFBD13F-5999-40D2-AD6E-E6D258BA1FC3}.Debug|Any CPU.ActiveCfg = Debug|Any CPU
		{CDFBD13F-5999-40D2-AD6E-E6D258BA1FC3}.Debug|Any CPU.Build.0 = Debug|Any CPU
		{CDFBD13F-5999-40D2-AD6E-E6D258BA1FC3}.Debug|x64.ActiveCfg = Debug|Any CPU
		{CDFBD13F-5999-40D2-AD6E-E6D258BA1FC3}.Debug|x64.Build.0 = Debug|Any CPU
		{CDFBD13F-5999-40D2-AD6E-E6D258BA1FC3}.Debug|x86.ActiveCfg = Debug|Any CPU
		{CDFBD13F-5999-40D2-AD6E-E6D258BA1FC3}.Debug|x86.Build.0 = Debug|Any CPU
		{CDFBD13F-5999-40D2-AD6E-E6D258BA1FC3}.Release|Any CPU.ActiveCfg = Release|Any CPU
		{CDFBD13F-5999-40D2-AD6E-E6D258BA1FC3}.Release|Any CPU.Build.0 = Release|Any CPU
		{CDFBD13F-5999-40D2-AD6E-E6D258BA1FC3}.Release|x64.ActiveCfg = Release|Any CPU
		{CDFBD13F-5999-40D2-AD6E-E6D258BA1FC3}.Release|x64.Build.0 = Release|Any CPU
		{CDFBD13F-5999-40D2-AD6E-E6D258BA1FC3}.Release|x86.ActiveCfg = Release|Any CPU
		{CDFBD13F-5999-40D2-AD6E-E6D258BA1FC3}.Release|x86.Build.0 = Release|Any CPU
	EndGlobalSection
EndGlobal
